Microsoft Visual Studio Solution File, Format Version 12.00
# Visual Studio 2012
VisualStudioVersion = 12.0.0.0
MinimumVisualStudioVersion = 10.0.0.1
Project("{FAE04EC0-301F-11D3-BF4B-00C04F79EFBC}") = "Netilion.Api", "src\Netilion.Api\Netilion.Api.csproj", "{F64D2163-50B0-4EFF-9865-4ED89904B9E3}"
EndProject
Project("{FAE04EC0-301F-11D3-BF4B-00C04F79EFBC}") = "Netilion.Api.Test", "src\Netilion.Api.Test\Netilion.Api.Test.csproj", "{19F1DEBC-DE5E-4517-8062-F000CD499087}"
EndProject
Global
	GlobalSection(SolutionConfigurationPlatforms) = preSolution
		Debug|Any CPU = Debug|Any CPU
		Release|Any CPU = Release|Any CPU
	EndGlobalSection
	GlobalSection(ProjectConfigurationPlatforms) = postSolution
		{F64D2163-50B0-4EFF-9865-4ED89904B9E3}.Debug|Any CPU.ActiveCfg = Debug|Any CPU
		{F64D2163-50B0-4EFF-9865-4ED89904B9E3}.Debug|Any CPU.Build.0 = Debug|Any CPU
		{F64D2163-50B0-4EFF-9865-4ED89904B9E3}.Release|Any CPU.ActiveCfg = Release|Any CPU
		{F64D2163-50B0-4EFF-9865-4ED89904B9E3}.Release|Any CPU.Build.0 = Release|Any CPU
		{19F1DEBC-DE5E-4517-8062-F000CD499087}.Debug|Any CPU.ActiveCfg = Debug|Any CPU
		{19F1DEBC-DE5E-4517-8062-F000CD499087}.Debug|Any CPU.Build.0 = Debug|Any CPU
		{19F1DEBC-DE5E-4517-8062-F000CD499087}.Release|Any CPU.ActiveCfg = Release|Any CPU
		{19F1DEBC-DE5E-4517-8062-F000CD499087}.Release|Any CPU.Build.0 = Release|Any CPU
	EndGlobalSection
	GlobalSection(SolutionProperties) = preSolution
		HideSolutionNode = FALSE
	EndGlobalSection
EndGlobal